# THIS IS AN AUTOGENERATED FILE. DO NOT EDIT THIS FILE DIRECTLY.
# yarn lockfile v1


echo-cli@^2.0.0:
  version "2.0.0"
  resolved "https://registry.yarnpkg.com/echo-cli/-/echo-cli-2.0.0.tgz#53842eb23c3e5ae637cd805f448ec3f7c5805a60"
  integrity sha512-PHuMIwMiBaO2eNoIEu4s7631xMQCLCbP4HD3z0PIENLPiCViTSpx1MTGd8enYJCM2ldxipAOOAF0IKBSC0reNg==
  dependencies:
    unescape-js "^1.0.3"

string.fromcodepoint@^0.2.1:
  version "0.2.1"
  resolved "https://registry.yarnpkg.com/string.fromcodepoint/-/string.fromcodepoint-0.2.1.tgz#8d978333c0bc92538f50f383e4888f3e5619d653"
  integrity sha512-n69H31OnxSGSZyZbgBlvYIXlrMhJQ0dQAX1js1QDhpaUH6zmU3QYlj07bCwCNlPOu3oRXIubGPl2gDGnHsiCqg==

unescape-js@^1.0.3:
  version "1.1.4"
  resolved "https://registry.yarnpkg.com/unescape-js/-/unescape-js-1.1.4.tgz#4bc6389c499cb055a98364a0b3094e1c3d5da395"
  integrity sha512-42SD8NOQEhdYntEiUQdYq/1V/YHwr1HLwlHuTJB5InVVdOSbgI6xu8jK5q65yIzuFCfczzyDF/7hbGzVbyCw0g==
  dependencies:
    string.fromcodepoint "^0.2.1"
